
Microsoft Visual Studio Solution File, Format Version 12.00
# Visual Studio Version 17
VisualStudioVersion = 17.0.31903.59
MinimumVisualStudioVersion = 10.0.40219.1
Project("{9A19103F-16F7-4668-BE54-9A1E7A4F7556}") = "StoryGPTWebAPI", "StoryGPTWebAPI\StoryGPTWebAPI.csproj", "{D287060A-8198-480E-ABEF-80BFFD46CAE5}"
EndProject
Project("{9A19103F-16F7-4668-BE54-9A1E7A4F7556}") = "StoryGPTWebAPITest", "StoryGPTWebAPITest\StoryGPTWebAPITest.csproj", "{C1567F71-6ACA-4788-852F-BF25170AFDBE}"
EndProject
Project("{9A19103F-16F7-4668-BE54-9A1E7A4F7556}") = "StoryGPTProducer", "StoryGPTProducer\StoryGPTProducer.csproj", "{AB00C0E6-5C30-47FF-A475-AE99804AC64E}"
EndProject
Global
	GlobalSection(SolutionConfigurationPlatforms) = preSolution
		Debug|Any CPU = Debug|Any CPU
		Release|Any CPU = Release|Any CPU
	EndGlobalSection
	GlobalSection(ProjectConfigurationPlatforms) = postSolution
		{D287060A-8198-480E-ABEF-80BFFD46CAE5}.Debug|Any CPU.ActiveCfg = Debug|Any CPU
		{D287060A-8198-480E-ABEF-80BFFD46CAE5}.Debug|Any CPU.Build.0 = Debug|Any CPU
		{D287060A-8198-480E-ABEF-80BFFD46CAE5}.Release|Any CPU.ActiveCfg = Release|Any CPU
		{D287060A-8198-480E-ABEF-80BFFD46CAE5}.Release|Any CPU.Build.0 = Release|Any CPU
		{C1567F71-6ACA-4788-852F-BF25170AFDBE}.Debug|Any CPU.ActiveCfg = Debug|Any CPU
		{C1567F71-6ACA-4788-852F-BF25170AFDBE}.Debug|Any CPU.Build.0 = Debug|Any CPU
		{C1567F71-6ACA-4788-852F-BF25170AFDBE}.Release|Any CPU.ActiveCfg = Release|Any CPU
		{C1567F71-6ACA-4788-852F-BF25170AFDBE}.Release|Any CPU.Build.0 = Release|Any CPU
		{AB00C0E6-5C30-47FF-A475-AE99804AC64E}.Debug|Any CPU.ActiveCfg = Debug|Any CPU
		{AB00C0E6-5C30-47FF-A475-AE99804AC64E}.Debug|Any CPU.Build.0 = Debug|Any CPU
		{AB00C0E6-5C30-47FF-A475-AE99804AC64E}.Release|Any CPU.ActiveCfg = Release|Any CPU
		{AB00C0E6-5C30-47FF-A475-AE99804AC64E}.Release|Any CPU.Build.0 = Release|Any CPU
	EndGlobalSection
	GlobalSection(SolutionProperties) = preSolution
		HideSolutionNode = FALSE
	EndGlobalSection
EndGlobal
